<?xml version="1.0" encoding="UTF-8" standalone="yes" ?>
<CodeBlocks_project_file>
	<FileVersion major="1" minor="6" />
	<Project>
		<Option title="tetris-codeblocks" />
		<Option pch_mode="2" />
		<Option compiler="gcc" />
		<Build>
			<Target title="Debug">
				<Option output="bin/Debug/tetris-codeblocks" prefix_auto="1" extension_auto="1" />
				<Option object_output="obj/Debug/" />
				<Option type="1" />
				<Option compiler="gcc" />
				<Compiler>
					<Add option="-g" />
				</Compiler>
			</Target>
			<Target title="Release">
				<Option output="bin/Release/tetris-codeblocks" prefix_auto="1" extension_auto="1" />
				<Option object_output="obj/Release/" />
				<Option type="1" />
				<Option compiler="gcc" />
				<Compiler>
					<Add option="-O2" />
				</Compiler>
				<Linker>
					<Add option="-s" />
				</Linker>
			</Target>
		</Build>
		<Compiler>
			<Add option="-Wall" />
			<Add directory="../resources/includes" />
			<Add directory="../source" />
		</Compiler>
		<Linker>
			<Add library="../../graphics_test/library/libglfw3.a" />
			<Add directory="../resources/includes" />
		</Linker>
		<Unit filename="../resources/Add To Project/glad.c">
			<Option compilerVar="CC" />
		</Unit>
		<Unit filename="../resources/includes/shaders/shader_class.cpp" />
		<Unit filename="../resources/includes/texture setup/stbi_load.cpp" />
		<Unit filename="../source/frag1.fs" />
		<Unit filename="../source/main.cpp" />
		<Unit filename="../source/vertex1.vs" />
		<Unit filename="boxFrame.png" />
		<Unit filename="frag1.fs" />
		<Unit filename="vertex1.vs" />
		<Extensions />
	</Project>
</CodeBlocks_project_file>
